
Microsoft Visual Studio Solution File, Format Version 12.00
# Visual Studio 15
VisualStudioVersion = 15.0.27428.2043
MinimumVisualStudioVersion = 10.0.40219.1
Project("{FAE04EC0-301F-11D3-BF4B-00C04F79EFBC}") = "HelloQQPortal", "HelloQQPortal\HelloQQPortal.csproj", "{713CA6E1-EE41-4FBA-A308-F42893DEF0DB}"
EndProject
Global
	GlobalSection(SolutionConfigurationPlatforms) = preSolution
		Debug|Any CPU = Debug|Any CPU
		Release|Any CPU = Release|Any CPU
	EndGlobalSection
	GlobalSection(ProjectConfigurationPlatforms) = postSolution
		{713CA6E1-EE41-4FBA-A308-F42893DEF0DB}.Debug|Any CPU.ActiveCfg = Debug|Any CPU
		{713CA6E1-EE41-4FBA-A308-F42893DEF0DB}.Debug|Any CPU.Build.0 = Debug|Any CPU
		{713CA6E1-EE41-4FBA-A308-F42893DEF0DB}.Release|Any CPU.ActiveCfg = Release|Any CPU
		{713CA6E1-EE41-4FBA-A308-F42893DEF0DB}.Release|Any CPU.Build.0 = Release|Any CPU
	EndGlobalSection
	GlobalSection(SolutionProperties) = preSolution
		HideSolutionNode = FALSE
	EndGlobalSection
	GlobalSection(ExtensibilityGlobals) = postSolution
		SolutionGuid = {2FAD4A3C-F3E8-48AB-98E7-E959CB708498}
	EndGlobalSection
EndGlobal
